
Microsoft Visual Studio Solution File, Format Version 12.00
# Visual Studio 15
VisualStudioVersion = 15.0.34112.143
MinimumVisualStudioVersion = 10.0.40219.1
Project("{FAE04EC0-301F-11D3-BF4B-00C04F79EFBC}") = "SampleWeb", "SampleWeb\SampleWeb.csproj", "{33ABAC8E-1FAD-42D0-BDE7-3C744F48EAEC}"
EndProject
Global
	GlobalSection(SolutionConfigurationPlatforms) = preSolution
		Debug|Any CPU = Debug|Any CPU
		Release|Any CPU = Release|Any CPU
	EndGlobalSection
	GlobalSection(ProjectConfigurationPlatforms) = postSolution
		{33ABAC8E-1FAD-42D0-BDE7-3C744F48EAEC}.Debug|Any CPU.ActiveCfg = Debug|Any CPU
		{33ABAC8E-1FAD-42D0-BDE7-3C744F48EAEC}.Debug|Any CPU.Build.0 = Debug|Any CPU
		{33ABAC8E-1FAD-42D0-BDE7-3C744F48EAEC}.Release|Any CPU.ActiveCfg = Release|Any CPU
		{33ABAC8E-1FAD-42D0-BDE7-3C744F48EAEC}.Release|Any CPU.Build.0 = Release|Any CPU
	EndGlobalSection
	GlobalSection(SolutionProperties) = preSolution
		HideSolutionNode = FALSE
	EndGlobalSection
	GlobalSection(ExtensibilityGlobals) = postSolution
		SolutionGuid = {31E09D37-9ACC-4566-9CCE-9F4F00245937}
	EndGlobalSection
EndGlobal
